
Microsoft Visual Studio Solution File, Format Version 12.00
# Visual Studio Version 16
VisualStudioVersion = 25.0.1706.7
MinimumVisualStudioVersion = 10.0.40219.1
Project("{FAE04EC0-301F-11D3-BF4B-00C04F79EFBC}") = "HotelProject", "HotelProject\HotelProject.csproj", "{8E9E7B10-30B7-4C37-A054-405AF769ECEA}"
EndProject
Global
	GlobalSection(SolutionConfigurationPlatforms) = preSolution
		Debug|Any CPU = Debug|Any CPU
		Release|Any CPU = Release|Any CPU
	EndGlobalSection
	GlobalSection(ProjectConfigurationPlatforms) = postSolution
		{8E9E7B10-30B7-4C37-A054-405AF769ECEA}.Debug|Any CPU.ActiveCfg = Debug|Any CPU
		{8E9E7B10-30B7-4C37-A054-405AF769ECEA}.Debug|Any CPU.Build.0 = Debug|Any CPU
		{8E9E7B10-30B7-4C37-A054-405AF769ECEA}.Release|Any CPU.ActiveCfg = Release|Any CPU
		{8E9E7B10-30B7-4C37-A054-405AF769ECEA}.Release|Any CPU.Build.0 = Release|Any CPU
	EndGlobalSection
	GlobalSection(SolutionProperties) = preSolution
		HideSolutionNode = FALSE
	EndGlobalSection
	GlobalSection(ExtensibilityGlobals) = postSolution
		SolutionGuid = {CD83E8F6-A43A-4DC1-B4CB-21577006C0AC}
	EndGlobalSection
EndGlobal
